// !$*UTF8*$!
{
	archiveVersion = 1;
	classes = {
	};
	objectVersion = 50;
	objects = {

/* Begin PBXBuildFile section */
		ADCAA30D8634018DAB611EA6 /* Pods_PixelAnimGenerator.framework in Frameworks */ = {isa = PBXBuildFile; fileRef = 0A4DDB14D2D9B9F8C59E374B /* Pods_PixelAnimGenerator.framework */; };
		C0A697A320DA9C1200432BFC /* AppDelegate.swift in Sources */ = {isa = PBXBuildFile; fileRef = C0A697A220DA9C1200432BFC /* AppDelegate.swift */; };
		C0A697A520DA9C1200432BFC /* ViewController.swift in Sources */ = {isa = PBXBuildFile; fileRef = C0A697A420DA9C1200432BFC /* ViewController.swift */; };
		C0A697A820DA9C1200432BFC /* Main.storyboard in Resources */ = {isa = PBXBuildFile; fileRef = C0A697A620DA9C1200432BFC /* Main.storyboard */; };
		C0A697AA20DA9C1300432BFC /* Assets.xcassets in Resources */ = {isa = PBXBuildFile; fileRef = C0A697A920DA9C1300432BFC /* Assets.xcassets */; };
		C0A697AD20DA9C1300432BFC /* LaunchScreen.storyboard in Resources */ = {isa = PBXBuildFile; fileRef = C0A697AB20DA9C1300432BFC /* LaunchScreen.storyboard */; };
		C0A697B820DA9C1400432BFC /* PixelAnimGeneratorTests.swift in Sources */ = {isa = PBXBuildFile; fileRef = C0A697B720DA9C1400432BFC /* PixelAnimGeneratorTests.swift */; };
		DB0E57D6247C42FF78F84332 /* Pods_PixelAnimGeneratorTests.framework in Frameworks */ = {isa = PBXBuildFile; fileRef = 2A3E6CEDE6AE60674B95BF62 /* Pods_PixelAnimGeneratorTests.framework */; };
/* End PBXBuildFile section */

/* Begin PBXContainerItemProxy section */
		C0A697B420DA9C1400432BFC /* PBXContainerItemProxy */ = {
			isa = PBXContainerItemProxy;
			containerPortal = C0A6979720DA9C1200432BFC /* Project object */;
			proxyType = 1;
			remoteGlobalIDString = C0A6979E20DA9C1200432BFC;
			remoteInfo = PixelAnimGenerator;
		};
/* End PBXContainerItemProxy section */

/* Begin PBXFileReference section */
		08F8B01141D24243EDA12568 /* Pods-PixelAnimGenerator.release.xcconfig */ = {isa = PBXFileReference; includeInIndex = 1; lastKnownFileType = text.xcconfig; name = "Pods-PixelAnimGenerator.release.xcconfig"; path = "Pods/Target Support Files/Pods-PixelAnimGenerator/Pods-PixelAnimGenerator.release.xcconfig"; sourceTree = "<group>"; };
		0A4DDB14D2D9B9F8C59E374B /* Pods_PixelAnimGenerator.framework */ = {isa = PBXFileReference; explicitFileType = wrapper.framework; includeInIndex = 0; path = Pods_PixelAnimGenerator.framework; sourceTree = BUILT_PRODUCTS_DIR; };
		1016C9CB5A7F68AC59DCA2FA /* Pods-PixelAnimGenerator.debug.xcconfig */ = {isa = PBXFileReference; includeInIndex = 1; lastKnownFileType = text.xcconfig; name = "Pods-PixelAnimGenerator.debug.xcconfig"; path = "Pods/Target Support Files/Pods-PixelAnimGenerator/Pods-PixelAnimGenerator.debug.xcconfig"; sourceTree = "<group>"; };
		2A3E6CEDE6AE60674B95BF62 /* Pods_PixelAnimGeneratorTests.framework */ = {isa = PBXFileReference; explicitFileType = wrapper.framework; includeInIndex = 0; path = Pods_PixelAnimGeneratorTests.framework; sourceTree = BUILT_PRODUCTS_DIR; };
		8A19362958B557EF9E2685C5 /* Pods-PixelAnimGeneratorTests.release.xcconfig */ = {isa = PBXFileReference; includeInIndex = 1; lastKnownFileType = text.xcconfig; name = "Pods-PixelAnimGeneratorTests.release.xcconfig"; path = "Pods/Target Support Files/Pods-PixelAnimGeneratorTests/Pods-PixelAnimGeneratorTests.release.xcconfig"; sourceTree = "<group>"; };
		A9BE005D91D498AC67CE5E1A /* Pods-PixelAnimGeneratorTests.debug.xcconfig */ = {isa = PBXFileReference; includeInIndex = 1; lastKnownFileType = text.xcconfig; name = "Pods-PixelAnimGeneratorTests.debug.xcconfig"; path = "Pods/Target Support Files/Pods-PixelAnimGeneratorTests/Pods-PixelAnimGeneratorTests.debug.xcconfig"; sourceTree = "<group>"; };
		C0A6979F20DA9C1200432BFC /* PixelAnimGenerator.app */ = {isa = PBXFileReference; explicitFileType = wrapper.application; includeInIndex = 0; path = PixelAnimGenerator.app; sourceTree = BUILT_PRODUCTS_DIR; };
		C0A697A220DA9C1200432BFC /* AppDelegate.swift */ = {isa = PBXFileReference; lastKnownFileType = sourcecode.swift; path = AppDelegate.swift; sourceTree = "<group>"; };
		C0A697A420DA9C1200432BFC /* ViewController.swift */ = {isa = PBXFileReference; lastKnownFileType = sourcecode.swift; path = ViewController.swift; sourceTree = "<group>"; };
		C0A697A720DA9C1200432BFC /* Base */ = {isa = PBXFileReference; lastKnownFileType = file.storyboard; name = Base; path = Base.lproj/Main.storyboard; sourceTree = "<group>"; };
		C0A697A920DA9C1300432BFC /* Assets.xcassets */ = {isa = PBXFileReference; lastKnownFileType = folder.assetcatalog; path = Assets.xcassets; sourceTree = "<group>"; };
		C0A697AC20DA9C1300432BFC /* Base */ = {isa = PBXFileReference; lastKnownFileType = file.storyboard; name = Base; path = Base.lproj/LaunchScreen.storyboard; sourceTree = "<group>"; };
		C0A697AE20DA9C1300432BFC /* Info.plist */ = {isa = PBXFileReference; lastKnownFileType = text.plist.xml; path = Info.plist; sourceTree = "<group>"; };
		C0A697B320DA9C1400432BFC /* PixelAnimGeneratorTests.xctest */ = {isa = PBXFileReference; explicitFileType = wrapper.cfbundle; includeInIndex = 0; path = PixelAnimGeneratorTests.xctest; sourceTree = BUILT_PRODUCTS_DIR; };
		C0A697B720DA9C1400432BFC /* PixelAnimGeneratorTests.swift */ = {isa = PBXFileReference; lastKnownFileType = sourcecode.swift; path = PixelAnimGeneratorTests.swift; sourceTree = "<group>"; };
		C0A697B920DA9C1400432BFC /* Info.plist */ = {isa = PBXFileReference; lastKnownFileType = text.plist.xml; path = Info.plist; sourceTree = "<group>"; };
/* End PBXFileReference section */

/* Begin PBXFrameworksBuildPhase section */
		C0A6979C20DA9C1200432BFC /* Frameworks */ = {
			isa = PBXFrameworksBuildPhase;
			buildActionMask = 2147483647;
			files = (
				ADCAA30D8634018DAB611EA6 /* Pods_PixelAnimGenerator.framework in Frameworks */,
			);
			runOnlyForDeploymentPostprocessing = 0;
		};
		C0A697B020DA9C1400432BFC /* Frameworks */ = {
			isa = PBXFrameworksBuildPhase;
			buildActionMask = 2147483647;
			files = (
				DB0E57D6247C42FF78F84332 /* Pods_PixelAnimGeneratorTests.framework in Frameworks */,
			);
			runOnlyForDeploymentPostprocessing = 0;
		};
/* End PBXFrameworksBuildPhase section */

/* Begin PBXGroup section */
		386919D696FA4F8AA45CEC0F /* Frameworks */ = {
			isa = PBXGroup;
			children = (
				0A4DDB14D2D9B9F8C59E374B /* Pods_PixelAnimGenerator.framework */,
				2A3E6CEDE6AE60674B95BF62 /* Pods_PixelAnimGeneratorTests.framework */,
			);
			name = Frameworks;
			sourceTree = "<group>";
		};
		3D66AF03BDEB74D00AA35DBD /* Pods */ = {
			isa = PBXGroup;
			children = (
				1016C9CB5A7F68AC59DCA2FA /* Pods-PixelAnimGenerator.debug.xcconfig */,
				08F8B01141D24243EDA12568 /* Pods-PixelAnimGenerator.release.xcconfig */,
				A9BE005D91D498AC67CE5E1A /* Pods-PixelAnimGeneratorTests.debug.xcconfig */,
				8A19362958B557EF9E2685C5 /* Pods-PixelAnimGeneratorTests.release.xcconfig */,
			);
			name = Pods;
			sourceTree = "<group>";
		};
		C0A6979620DA9C1200432BFC = {
			isa = PBXGroup;
			children = (
				C0A697A120DA9C1200432BFC /* PixelAnimGenerator */,
				C0A697B620DA9C1400432BFC /* PixelAnimGeneratorTests */,
				C0A697A020DA9C1200432BFC /* Products */,
				3D66AF03BDEB74D00AA35DBD /* Pods */,
				386919D696FA4F8AA45CEC0F /* Frameworks */,
			);
			sourceTree = "<group>";
		};
		C0A697A020DA9C1200432BFC /* Products */ = {
			isa = PBXGroup;
			children = (
				C0A6979F20DA9C1200432BFC /* PixelAnimGenerator.app */,
				C0A697B320DA9C1400432BFC /* PixelAnimGeneratorTests.xctest */,
			);
			name = Products;
			sourceTree = "<group>";
		};
		C0A697A120DA9C1200432BFC /* PixelAnimGenerator */ = {
			isa = PBXGroup;
			children = (
				C0A697A220DA9C1200432BFC /* AppDelegate.swift */,
				C0A697A420DA9C1200432BFC /* ViewController.swift */,
				C0A697A620DA9C1200432BFC /* Main.storyboard */,
				C0A697A920DA9C1300432BFC /* Assets.xcassets */,
				C0A697AB20DA9C1300432BFC /* LaunchScreen.storyboard */,
				C0A697AE20DA9C1300432BFC /* Info.plist */,
			);
			path = PixelAnimGenerator;
			sourceTree = "<group>";
		};
		C0A697B620DA9C1400432BFC /* PixelAnimGeneratorTests */ = {
			isa = PBXGroup;
			children = (
				C0A697B720DA9C1400432BFC /* PixelAnimGeneratorTests.swift */,
				C0A697B920DA9C1400432BFC /* Info.plist */,
			);
			path = PixelAnimGeneratorTests;
			sourceTree = "<group>";
		};
/* End PBXGroup section */

/* Begin PBXNativeTarget section */
		C0A6979E20DA9C1200432BFC /* PixelAnimGenerator */ = {
			isa = PBXNativeTarget;
			buildConfigurationList = C0A697BC20DA9C1400432BFC /* Build configuration list for PBXNativeTarget "PixelAnimGenerator" */;
			buildPhases = (
				FFA1325B75024443BD7C44E8 /* [CP] Check Pods Manifest.lock */,
				C0A6979B20DA9C1200432BFC /* Sources */,
				C0A6979C20DA9C1200432BFC /* Frameworks */,
				C0A6979D20DA9C1200432BFC /* Resources */,
				F15C11A9D25ACADE1587151E /* [CP] Embed Pods Frameworks */,
			);
			buildRules = (
			);
			dependencies = (
			);
			name = PixelAnimGenerator;
			productName = PixelAnimGenerator;
			productReference = C0A6979F20DA9C1200432BFC /* PixelAnimGenerator.app */;
			productType = "com.apple.product-type.application";
		};
		C0A697B220DA9C1400432BFC /* PixelAnimGeneratorTests */ = {
			isa = PBXNativeTarget;
			buildConfigurationList = C0A697BF20DA9C1400432BFC /* Build configuration list for PBXNativeTarget "PixelAnimGeneratorTests" */;
			buildPhases = (
				3BDDB8D8303BF57CBAD63C8F /* [CP] Check Pods Manifest.lock */,
				C0A697AF20DA9C1400432BFC /* Sources */,
				C0A697B020DA9C1400432BFC /* Frameworks */,
				C0A697B120DA9C1400432BFC /* Resources */,
			);
			buildRules = (
			);
			dependencies = (
				C0A697B520DA9C1400432BFC /* PBXTargetDependency */,
			);
			name = PixelAnimGeneratorTests;
			productName = PixelAnimGeneratorTests;
			productReference = C0A697B320DA9C1400432BFC /* PixelAnimGeneratorTests.xctest */;
			productType = "com.apple.product-type.bundle.unit-test";
		};
/* End PBXNativeTarget section */

/* Begin PBXProject section */
		C0A6979720DA9C1200432BFC /* Project object */ = {
			isa = PBXProject;
			attributes = {
				LastSwiftUpdateCheck = 0940;
				LastUpgradeCheck = 0940;
				ORGANIZATIONNAME = "Charlie Williams";
				TargetAttributes = {
					C0A6979E20DA9C1200432BFC = {
						CreatedOnToolsVersion = 9.4.1;
					};
					C0A697B220DA9C1400432BFC = {
						CreatedOnToolsVersion = 9.4.1;
						TestTargetID = C0A6979E20DA9C1200432BFC;
					};
				};
			};
			buildConfigurationList = C0A6979A20DA9C1200432BFC /* Build configuration list for PBXProject "PixelAnimGenerator" */;
			compatibilityVersion = "Xcode 9.3";
			developmentRegion = en;
			hasScannedForEncodings = 0;
			knownRegions = (
				en,
				Base,
			);
			mainGroup = C0A6979620DA9C1200432BFC;
			productRefGroup = C0A697A020DA9C1200432BFC /* Products */;
			projectDirPath = "";
			projectRoot = "";
			targets = (
				C0A6979E20DA9C1200432BFC /* PixelAnimGenerator */,
				C0A697B220DA9C1400432BFC /* PixelAnimGeneratorTests */,
			);
		};
/* End PBXProject section */

/* Begin PBXResourcesBuildPhase section */
		C0A6979D20DA9C1200432BFC /* Resources */ = {
			isa = PBXResourcesBuildPhase;
			buildActionMask = 2147483647;
			files = (
				C0A697AD20DA9C1300432BFC /* LaunchScreen.storyboard in Resources */,
				C0A697AA20DA9C1300432BFC /* Assets.xcassets in Resources */,
				C0A697A820DA9C1200432BFC /* Main.storyboard in Resources */,
			);
			runOnlyForDeploymentPostprocessing = 0;
		};
		C0A697B120DA9C1400432BFC /* Resources */ = {
			isa = PBXResourcesBuildPhase;
			buildActionMask = 2147483647;
			files = (
			);
			runOnlyForDeploymentPostprocessing = 0;
		};
/* End PBXResourcesBuildPhase section */

/* Begin PBXShellScriptBuildPhase section */
		3BDDB8D8303BF57CBAD63C8F /* [CP] Check Pods Manifest.lock */ = {
			isa = PBXShellScriptBuildPhase;
			buildActionMask = 2147483647;
			files = (
			);
			inputPaths = (
				"${PODS_PODFILE_DIR_PATH}/Podfile.lock",
				"${PODS_ROOT}/Manifest.lock",
			);
			name = "[CP] Check Pods Manifest.lock";
			outputPaths = (
				"$(DERIVED_FILE_DIR)/Pods-PixelAnimGeneratorTests-checkManifestLockResult.txt",
			);
			runOnlyForDeploymentPostprocessing = 0;
			shellPath = /bin/sh;
			shellScript = "diff \"${PODS_PODFILE_DIR_PATH}/Podfile.lock\" \"${PODS_ROOT}/Manifest.lock\" > /dev/null\nif [ $? != 0 ] ; then\n    # print error to STDERR\n    echo \"error: The sandbox is not in sync with the Podfile.lock. Run 'pod install' or update your CocoaPods installation.\" >&2\n    exit 1\nfi\n# This output is used by Xcode 'outputs' to avoid re-running this script phase.\necho \"SUCCESS\" > \"${SCRIPT_OUTPUT_FILE_0}\"\n";
			showEnvVarsInLog = 0;
		};
		F15C11A9D25ACADE1587151E /* [CP] Embed Pods Frameworks */ = {
			isa = PBXShellScriptBuildPhase;
			buildActionMask = 2147483647;
			files = (
			);
			inputPaths = (
				"${SRCROOT}/Pods/Target Support Files/Pods-PixelAnimGenerator/Pods-PixelAnimGenerator-frameworks.sh",
				"${BUILT_PRODUCTS_DIR}/Color-Picker-for-iOS/Color_Picker_for_iOS.framework",
			);
			name = "[CP] Embed Pods Frameworks";
			outputPaths = (
				"${TARGET_BUILD_DIR}/${FRAMEWORKS_FOLDER_PATH}/Color_Picker_for_iOS.framework",
			);
			runOnlyForDeploymentPostprocessing = 0;
			shellPath = /bin/sh;
			shellScript = "\"${SRCROOT}/Pods/Target Support Files/Pods-PixelAnimGenerator/Pods-PixelAnimGenerator-frameworks.sh\"\n";
			showEnvVarsInLog = 0;
		};
		FFA1325B75024443BD7C44E8 /* [CP] Check Pods Manifest.lock */ = {
			isa = PBXShellScriptBuildPhase;
			buildActionMask = 2147483647;
			files = (
			);
			inputPaths = (
				"${PODS_PODFILE_DIR_PATH}/Podfile.lock",
				"${PODS_ROOT}/Manifest.lock",
			);
			name = "[CP] Check Pods Manifest.lock";
			outputPaths = (
				"$(DERIVED_FILE_DIR)/Pods-PixelAnimGenerator-checkManifestLockResult.txt",
			);
			runOnlyForDeploymentPostprocessing = 0;
			shellPath = /bin/sh;
			shellScript = "diff \"${PODS_PODFILE_DIR_PATH}/Podfile.lock\" \"${PODS_ROOT}/Manifest.lock\" > /dev/null\nif [ $? != 0 ] ; then\n    # print error to STDERR\n    echo \"error: The sandbox is not in sync with the Podfile.lock. Run 'pod install' or update your CocoaPods installation.\" >&2\n    exit 1\nfi\n# This output is used by Xcode 'outputs' to avoid re-running this script phase.\necho \"SUCCESS\" > \"${SCRIPT_OUTPUT_FILE_0}\"\n";
			showEnvVarsInLog = 0;
		};
/* End PBXShellScriptBuildPhase section */

/* Begin PBXSourcesBuildPhase section */
		C0A6979B20DA9C1200432BFC /* Sources */ = {
			isa = PBXSourcesBuildPhase;
			buildActionMask = 2147483647;
			files = (
				C0A697A520DA9C1200432BFC /* ViewController.swift in Sources */,
				C0A697A320DA9C1200432BFC /* AppDelegate.swift in Sources */,
			);
			runOnlyForDeploymentPostprocessing = 0;
		};
		C0A697AF20DA9C1400432BFC /* Sources */ = {
			isa = PBXSourcesBuildPhase;
			buildActionMask = 2147483647;
			files = (
				C0A697B820DA9C1400432BFC /* PixelAnimGeneratorTests.swift in Sources */,
			);
			runOnlyForDeploymentPostprocessing = 0;
		};
/* End PBXSourcesBuildPhase section */

/* Begin PBXTargetDependency section */
		C0A697B520DA9C1400432BFC /* PBXTargetDependency */ = {
			isa = PBXTargetDependency;
			target = C0A6979E20DA9C1200432BFC /* PixelAnimGenerator */;
			targetProxy = C0A697B420DA9C1400432BFC /* PBXContainerItemProxy */;
		};
/* End PBXTargetDependency section */

/* Begin PBXVariantGroup section */
		C0A697A620DA9C1200432BFC /* Main.storyboard */ = {
			isa = PBXVariantGroup;
			children = (
				C0A697A720DA9C1200432BFC /* Base */,
			);
			name = Main.storyboard;
			sourceTree = "<group>";
		};
		C0A697AB20DA9C1300432BFC /* LaunchScreen.storyboard */ = {
			isa = PBXVariantGroup;
			children = (
				C0A697AC20DA9C1300432BFC /* Base */,
			);
			name = LaunchScreen.storyboard;
			sourceTree = "<group>";
		};
/* End PBXVariantGroup section */

/* Begin XCBuildConfiguration section */
		C0A697BA20DA9C1400432BFC /* Debug */ = {
			isa = XCBuildConfiguration;
			buildSettings = {
				ALWAYS_SEARCH_USER_PATHS = NO;
				CLANG_ANALYZER_NONNULL = YES;
				CLANG_ANALYZER_NUMBER_OBJECT_CONVERSION = YES_AGGRESSIVE;
				CLANG_CXX_LANGUAGE_STANDARD = "gnu++14";
				CLANG_CXX_LIBRARY = "libc++";
				CLANG_ENABLE_MODULES = YES;
				CLANG_ENABLE_OBJC_ARC = YES;
				CLANG_ENABLE_OBJC_WEAK = YES;
				CLANG_WARN_BLOCK_CAPTURE_AUTORELEASING = YES;
				CLANG_WARN_BOOL_CONVERSION = YES;
				CLANG_WARN_COMMA = YES;
				CLANG_WARN_CONSTANT_CONVERSION = YES;
				CLANG_WARN_DEPRECATED_OBJC_IMPLEMENTATIONS = YES;
				CLANG_WARN_DIRECT_OBJC_ISA_USAGE = YES_ERROR;
				CLANG_WARN_DOCUMENTATION_COMMENTS = YES;
				CLANG_WARN_EMPTY_BODY = YES;
				CLANG_WARN_ENUM_CONVERSION = YES;
				CLANG_WARN_INFINITE_RECURSION = YES;
				CLANG_WARN_INT_CONVERSION = YES;
				CLANG_WARN_NON_LITERAL_NULL_CONVERSION = YES;
				CLANG_WARN_OBJC_IMPLICIT_RETAIN_SELF = YES;
				CLANG_WARN_OBJC_LITERAL_CONVERSION = YES;
				CLANG_WARN_OBJC_ROOT_CLASS = YES_ERROR;
				CLANG_WARN_RANGE_LOOP_ANALYSIS = YES;
				CLANG_WARN_STRICT_PROTOTYPES = YES;
				CLANG_WARN_SUSPICIOUS_MOVE = YES;
				CLANG_WARN_UNGUARDED_AVAILABILITY = YES_AGGRESSIVE;
				CLANG_WARN_UNREACHABLE_CODE = YES;
				CLANG_WARN__DUPLICATE_METHOD_MATCH = YES;
				CODE_SIGN_IDENTITY = "iPhone Developer";
				COPY_PHASE_STRIP = NO;
				DEBUG_INFORMATION_FORMAT = dwarf;
				ENABLE_STRICT_OBJC_MSGSEND = YES;
				ENABLE_TESTABILITY = YES;
				GCC_C_LANGUAGE_STANDARD = gnu11;
				GCC_DYNAMIC_NO_PIC = NO;
				GCC_NO_COMMON_BLOCKS = YES;
				GCC_OPTIMIZATION_LEVEL = 0;
				GCC_PREPROCESSOR_DEFINITIONS = (
					"DEBUG=1",
					"$(inherited)",
				);
				GCC_WARN_64_TO_32_BIT_CONVERSION = YES;
				GCC_WARN_ABOUT_RETURN_TYPE = YES_ERROR;
				GCC_WARN_UNDECLARED_SELECTOR = YES;
				GCC_WARN_UNINITIALIZED_AUTOS = YES_AGGRESSIVE;
				GCC_WARN_UNUSED_FUNCTION = YES;
				GCC_WARN_UNUSED_VARIABLE = YES;
				IPHONEOS_DEPLOYMENT_TARGET = 11.4;
				MTL_ENABLE_DEBUG_INFO = YES;
				ONLY_ACTIVE_ARCH = YES;
				SDKROOT = iphoneos;
				SWIFT_ACTIVE_COMPILATION_CONDITIONS = DEBUG;
				SWIFT_OPTIMIZATION_LEVEL = "-Onone";
			};
			name = Debug;
		};
		C0A697BB20DA9C1400432BFC /* Release */ = {
			isa = XCBuildConfiguration;
			buildSettings = {
				ALWAYS_SEARCH_USER_PATHS = NO;
				CLANG_ANALYZER_NONNULL = YES;
				CLANG_ANALYZER_NUMBER_OBJECT_CONVERSION = YES_AGGRESSIVE;
				CLANG_CXX_LANGUAGE_STANDARD = "gnu++14";
				CLANG_CXX_LIBRARY = "libc++";
				CLANG_ENABLE_MODULES = YES;
				CLANG_ENABLE_OBJC_ARC = YES;
				CLANG_ENABLE_OBJC_WEAK = YES;
				CLANG_WARN_BLOCK_CAPTURE_AUTORELEASING = YES;
				CLANG_WARN_BOOL_CONVERSION = YES;
				CLANG_WARN_COMMA = YES;
				CLANG_WARN_CONSTANT_CONVERSION = YES;
				CLANG_WARN_DEPRECATED_OBJC_IMPLEMENTATIONS = YES;
				CLANG_WARN_DIRECT_OBJC_ISA_USAGE = YES_ERROR;
				CLANG_WARN_DOCUMENTATION_COMMENTS = YES;
				CLANG_WARN_EMPTY_BODY = YES;
				CLANG_WARN_ENUM_CONVERSION = YES;
				CLANG_WARN_INFINITE_RECURSION = YES;
				CLANG_WARN_INT_CONVERSION = YES;
				CLANG_WARN_NON_LITERAL_NULL_CONVERSION = YES;
				CLANG_WARN_OBJC_IMPLICIT_RETAIN_SELF = YES;
				CLANG_WARN_OBJC_LITERAL_CONVERSION = YES;
				CLANG_WARN_OBJC_ROOT_CLASS = YES_ERROR;
				CLANG_WARN_RANGE_LOOP_ANALYSIS = YES;
				CLANG_WARN_STRICT_PROTOTYPES = YES;
				CLANG_WARN_SUSPICIOUS_MOVE = YES;
				CLANG_WARN_UNGUARDED_AVAILABILITY = YES_AGGRESSIVE;
				CLANG_WARN_UNREACHABLE_CODE = YES;
				CLANG_WARN__DUPLICATE_METHOD_MATCH = YES;
				CODE_SIGN_IDENTITY = "iPhone Developer";
				COPY_PHASE_STRIP = NO;
				DEBUG_INFORMATION_FORMAT = "dwarf-with-dsym";
				ENABLE_NS_ASSERTIONS = NO;
				ENABLE_STRICT_OBJC_MSGSEND = YES;
				GCC_C_LANGUAGE_STANDARD = gnu11;
				GCC_NO_COMMON_BLOCKS = YES;
				GCC_WARN_64_TO_32_BIT_CONVERSION = YES;
				GCC_WARN_ABOUT_RETURN_TYPE = YES_ERROR;
				GCC_WARN_UNDECLARED_SELECTOR = YES;
				GCC_WARN_UNINITIALIZED_AUTOS = YES_AGGRESSIVE;
				GCC_WARN_UNUSED_FUNCTION = YES;
				GCC_WARN_UNUSED_VARIABLE = YES;
				IPHONEOS_DEPLOYMENT_TARGET = 11.4;
				MTL_ENABLE_DEBUG_INFO = NO;
				SDKROOT = iphoneos;
				SWIFT_COMPILATION_MODE = wholemodule;
				SWIFT_OPTIMIZATION_LEVEL = "-O";
				VALIDATE_PRODUCT = YES;
			};
			name = Release;
		};
		C0A697BD20DA9C1400432BFC /* Debug */ = {
			isa = XCBuildConfiguration;
			baseConfigurationReference = 1016C9CB5A7F68AC59DCA2FA /* Pods-PixelAnimGenerator.debug.xcconfig */;
			buildSettings = {
				ASSETCATALOG_COMPILER_APPICON_NAME = AppIcon;
				CODE_SIGN_STYLE = Automatic;
				DEVELOPMENT_TEAM = N2WM6EN8GQ;
				INFOPLIST_FILE = PixelAnimGenerator/Info.plist;
				LD_RUNPATH_SEARCH_PATHS = (
					"$(inherited)",
					"@executable_path/Frameworks",
				);
				PRODUCT_BUNDLE_IDENTIFIER = c.harl.ie.PixelAnimGenerator;
				PRODUCT_NAME = "$(TARGET_NAME)";
				SWIFT_VERSION = 4.0;
				TARGETED_DEVICE_FAMILY = "1,2";
			};
			name = Debug;
		};
		C0A697BE20DA9C1400432BFC /* Release */ = {
			isa = XCBuildConfiguration;
			baseConfigurationReference = 08F8B01141D24243EDA12568 /* Pods-PixelAnimGenerator.release.xcconfig */;
			buildSettings = {
				ASSETCATALOG_COMPILER_APPICON_NAME = AppIcon;
				CODE_SIGN_STYLE = Automatic;
				DEVELOPMENT_TEAM = N2WM6EN8GQ;
				INFOPLIST_FILE = PixelAnimGenerator/Info.plist;
				LD_RUNPATH_SEARCH_PATHS = (
					"$(inherited)",
					"@executable_path/Frameworks",
				);
				PRODUCT_BUNDLE_IDENTIFIER = c.harl.ie.PixelAnimGenerator;
				PRODUCT_NAME = "$(TARGET_NAME)";
				SWIFT_VERSION = 4.0;
				TARGETED_DEVICE_FAMILY = "1,2";
			};
			name = Release;
		};
		C0A697C020DA9C1400432BFC /* Debug */ = {
			isa = XCBuildConfiguration;
			baseConfigurationReference = A9BE005D91D498AC67CE5E1A /* Pods-PixelAnimGeneratorTests.debug.xcconfig */;
			buildSettings = {
				ALWAYS_EMBED_SWIFT_STANDARD_LIBRARIES = YES;
				BUNDLE_LOADER = "$(TEST_HOST)";
				CODE_SIGN_STYLE = Automatic;
				DEVELOPMENT_TEAM = N2WM6EN8GQ;
				INFOPLIST_FILE = PixelAnimGeneratorTests/Info.plist;
				LD_RUNPATH_SEARCH_PATHS = (
					"$(inherited)",
					"@executable_path/Frameworks",
					"@loader_path/Frameworks",
				);
				PRODUCT_BUNDLE_IDENTIFIER = c.harl.ie.PixelAnimGeneratorTests;
				PRODUCT_NAME = "$(TARGET_NAME)";
				SWIFT_VERSION = 4.0;
				TARGETED_DEVICE_FAMILY = "1,2";
				TEST_HOST = "$(BUILT_PRODUCTS_DIR)/PixelAnimGenerator.app/PixelAnimGenerator";
			};
			name = Debug;
		};
		C0A697C120DA9C1400432BFC /* Release */ = {
			isa = XCBuildConfiguration;
			baseConfigurationReference = 8A19362958B557EF9E2685C5 /* Pods-PixelAnimGeneratorTests.release.xcconfig */;
			buildSettings = {
				ALWAYS_EMBED_SWIFT_STANDARD_LIBRARIES = YES;
				BUNDLE_LOADER = "$(TEST_HOST)";
				CODE_SIGN_STYLE = Automatic;
				DEVELOPMENT_TEAM = N2WM6EN8GQ;
				INFOPLIST_FILE = PixelAnimGeneratorTests/Info.plist;
				LD_RUNPATH_SEARCH_PATHS = (
					"$(inherited)",
					"@executable_path/Frameworks",
					"@loader_path/Frameworks",
				);
				PRODUCT_BUNDLE_IDENTIFIER = c.harl.ie.PixelAnimGeneratorTests;
				PRODUCT_NAME = "$(TARGET_NAME)";
				SWIFT_VERSION = 4.0;
				TARGETED_DEVICE_FAMILY = "1,2";
				TEST_HOST = "$(BUILT_PRODUCTS_DIR)/PixelAnimGenerator.app/PixelAnimGenerator";
			};
			name = Release;
		};
/* End XCBuildConfiguration section */

/* Begin XCConfigurationList section */
		C0A6979A20DA9C1200432BFC /* Build configuration list for PBXProject "PixelAnimGenerator" */ = {
			isa = XCConfigurationList;
			buildConfigurations = (
				C0A697BA20DA9C1400432BFC /* Debug */,
				C0A697BB20DA9C1400432BFC /* Release */,
			);
			defaultConfigurationIsVisible = 0;
			defaultConfigurationName = Release;
		};
		C0A697BC20DA9C1400432BFC /* Build configuration list for PBXNativeTarget "PixelAnimGenerator" */ = {
			isa = XCConfigurationList;
			buildConfigurations = (
				C0A697BD20DA9C1400432BFC /* Debug */,
				C0A697BE20DA9C1400432BFC /* Release */,
			);
			defaultConfigurationIsVisible = 0;
			defaultConfigurationName = Release;
		};
		C0A697BF20DA9C1400432BFC /* Build configuration list for PBXNativeTarget "PixelAnimGeneratorTests" */ = {
			isa = XCConfigurationList;
			buildConfigurations = (
				C0A697C020DA9C1400432BFC /* Debug */,
				C0A697C120DA9C1400432BFC /* Release */,
			);
			defaultConfigurationIsVisible = 0;
			defaultConfigurationName = Release;
		};
/* End XCConfigurationList section */
	};
	rootObject = C0A6979720DA9C1200432BFC /* Project object */;
}
